// !$*UTF8*$!
{
	archiveVersion = 1;
	classes = {
	};
	objectVersion = 50;
	objects = {

/* Begin PBXBuildFile section */
		41A91B26253B1FC1008F55F0 /* AppDelegate.swift in Sources */ = {isa = PBXBuildFile; fileRef = 41A91B25253B1FC1008F55F0 /* AppDelegate.swift */; };
		41A91B28253B1FC1008F55F0 /* SceneDelegate.swift in Sources */ = {isa = PBXBuildFile; fileRef = 41A91B27253B1FC1008F55F0 /* SceneDelegate.swift */; };
		41A91B2A253B1FC1008F55F0 /* ViewController.swift in Sources */ = {isa = PBXBuildFile; fileRef = 41A91B29253B1FC1008F55F0 /* ViewController.swift */; };
		41A91B2D253B1FC1008F55F0 /* Main.storyboard in Resources */ = {isa = PBXBuildFile; fileRef = 41A91B2B253B1FC1008F55F0 /* Main.storyboard */; };
		41A91B2F253B1FC2008F55F0 /* Assets.xcassets in Resources */ = {isa = PBXBuildFile; fileRef = 41A91B2E253B1FC2008F55F0 /* Assets.xcassets */; };
		41A91B32253B1FC2008F55F0 /* LaunchScreen.storyboard in Resources */ = {isa = PBXBuildFile; fileRef = 41A91B30253B1FC2008F55F0 /* LaunchScreen.storyboard */; };
		41A91B3D253B1FC3008F55F0 /* SwiftTemplateSPMProjectTests.swift in Sources */ = {isa = PBXBuildFile; fileRef = 41A91B3C253B1FC3008F55F0 /* SwiftTemplateSPMProjectTests.swift */; };
		41A91B48253B1FC3008F55F0 /* SwiftTemplateSPMProjectUITests.swift in Sources */ = {isa = PBXBuildFile; fileRef = 41A91B47253B1FC3008F55F0 /* SwiftTemplateSPMProjectUITests.swift */; };
/* End PBXBuildFile section */

/* Begin PBXContainerItemProxy section */
		41A91B39253B1FC3008F55F0 /* PBXContainerItemProxy */ = {
			isa = PBXContainerItemProxy;
			containerPortal = 41A91B1A253B1FC1008F55F0 /* Project object */;
			proxyType = 1;
			remoteGlobalIDString = 41A91B21253B1FC1008F55F0;
			remoteInfo = SwiftTemplateSPMProject;
		};
		41A91B44253B1FC3008F55F0 /* PBXContainerItemProxy */ = {
			isa = PBXContainerItemProxy;
			containerPortal = 41A91B1A253B1FC1008F55F0 /* Project object */;
			proxyType = 1;
			remoteGlobalIDString = 41A91B21253B1FC1008F55F0;
			remoteInfo = SwiftTemplateSPMProject;
		};
/* End PBXContainerItemProxy section */

/* Begin PBXFileReference section */
		41A91B22253B1FC1008F55F0 /* SwiftTemplateSPMProject.app */ = {isa = PBXFileReference; explicitFileType = wrapper.application; includeInIndex = 0; path = SwiftTemplateSPMProject.app; sourceTree = BUILT_PRODUCTS_DIR; };
		41A91B25253B1FC1008F55F0 /* AppDelegate.swift */ = {isa = PBXFileReference; lastKnownFileType = sourcecode.swift; path = AppDelegate.swift; sourceTree = "<group>"; };
		41A91B27253B1FC1008F55F0 /* SceneDelegate.swift */ = {isa = PBXFileReference; lastKnownFileType = sourcecode.swift; path = SceneDelegate.swift; sourceTree = "<group>"; };
		41A91B29253B1FC1008F55F0 /* ViewController.swift */ = {isa = PBXFileReference; lastKnownFileType = sourcecode.swift; path = ViewController.swift; sourceTree = "<group>"; };
		41A91B2C253B1FC1008F55F0 /* Base */ = {isa = PBXFileReference; lastKnownFileType = file.storyboard; name = Base; path = Base.lproj/Main.storyboard; sourceTree = "<group>"; };
		41A91B2E253B1FC2008F55F0 /* Assets.xcassets */ = {isa = PBXFileReference; lastKnownFileType = folder.assetcatalog; path = Assets.xcassets; sourceTree = "<group>"; };
		41A91B31253B1FC2008F55F0 /* Base */ = {isa = PBXFileReference; lastKnownFileType = file.storyboard; name = Base; path = Base.lproj/LaunchScreen.storyboard; sourceTree = "<group>"; };
		41A91B33253B1FC2008F55F0 /* Info.plist */ = {isa = PBXFileReference; lastKnownFileType = text.plist.xml; path = Info.plist; sourceTree = "<group>"; };
		41A91B38253B1FC3008F55F0 /* SwiftTemplateSPMProjectTests.xctest */ = {isa = PBXFileReference; explicitFileType = wrapper.cfbundle; includeInIndex = 0; path = SwiftTemplateSPMProjectTests.xctest; sourceTree = BUILT_PRODUCTS_DIR; };
		41A91B3C253B1FC3008F55F0 /* SwiftTemplateSPMProjectTests.swift */ = {isa = PBXFileReference; lastKnownFileType = sourcecode.swift; path = SwiftTemplateSPMProjectTests.swift; sourceTree = "<group>"; };
		41A91B3E253B1FC3008F55F0 /* Info.plist */ = {isa = PBXFileReference; lastKnownFileType = text.plist.xml; path = Info.plist; sourceTree = "<group>"; };
		41A91B43253B1FC3008F55F0 /* SwiftTemplateSPMProjectUITests.xctest */ = {isa = PBXFileReference; explicitFileType = wrapper.cfbundle; includeInIndex = 0; path = SwiftTemplateSPMProjectUITests.xctest; sourceTree = BUILT_PRODUCTS_DIR; };
		41A91B47253B1FC3008F55F0 /* SwiftTemplateSPMProjectUITests.swift */ = {isa = PBXFileReference; lastKnownFileType = sourcecode.swift; path = SwiftTemplateSPMProjectUITests.swift; sourceTree = "<group>"; };
		41A91B49253B1FC3008F55F0 /* Info.plist */ = {isa = PBXFileReference; lastKnownFileType = text.plist.xml; path = Info.plist; sourceTree = "<group>"; };
/* End PBXFileReference section */

/* Begin PBXFrameworksBuildPhase section */
		41A91B1F253B1FC1008F55F0 /* Frameworks */ = {
			isa = PBXFrameworksBuildPhase;
			buildActionMask = 2147483647;
			files = (
			);
			runOnlyForDeploymentPostprocessing = 0;
		};
		41A91B35253B1FC3008F55F0 /* Frameworks */ = {
			isa = PBXFrameworksBuildPhase;
			buildActionMask = 2147483647;
			files = (
			);
			runOnlyForDeploymentPostprocessing = 0;
		};
		41A91B40253B1FC3008F55F0 /* Frameworks */ = {
			isa = PBXFrameworksBuildPhase;
			buildActionMask = 2147483647;
			files = (
			);
			runOnlyForDeploymentPostprocessing = 0;
		};
/* End PBXFrameworksBuildPhase section */

/* Begin PBXGroup section */
		41A91B19253B1FC1008F55F0 = {
			isa = PBXGroup;
			children = (
				41A91B24253B1FC1008F55F0 /* SwiftTemplateSPMProject */,
				41A91B3B253B1FC3008F55F0 /* SwiftTemplateSPMProjectTests */,
				41A91B46253B1FC3008F55F0 /* SwiftTemplateSPMProjectUITests */,
				41A91B23253B1FC1008F55F0 /* Products */,
			);
			sourceTree = "<group>";
		};
		41A91B23253B1FC1008F55F0 /* Products */ = {
			isa = PBXGroup;
			children = (
				41A91B22253B1FC1008F55F0 /* SwiftTemplateSPMProject.app */,
				41A91B38253B1FC3008F55F0 /* SwiftTemplateSPMProjectTests.xctest */,
				41A91B43253B1FC3008F55F0 /* SwiftTemplateSPMProjectUITests.xctest */,
			);
			name = Products;
			sourceTree = "<group>";
		};
		41A91B24253B1FC1008F55F0 /* SwiftTemplateSPMProject */ = {
			isa = PBXGroup;
			children = (
				41A91B25253B1FC1008F55F0 /* AppDelegate.swift */,
				41A91B27253B1FC1008F55F0 /* SceneDelegate.swift */,
				41A91B29253B1FC1008F55F0 /* ViewController.swift */,
				41A91B2B253B1FC1008F55F0 /* Main.storyboard */,
				41A91B2E253B1FC2008F55F0 /* Assets.xcassets */,
				41A91B30253B1FC2008F55F0 /* LaunchScreen.storyboard */,
				41A91B33253B1FC2008F55F0 /* Info.plist */,
			);
			path = SwiftTemplateSPMProject;
			sourceTree = "<group>";
		};
		41A91B3B253B1FC3008F55F0 /* SwiftTemplateSPMProjectTests */ = {
			isa = PBXGroup;
			children = (
				41A91B3C253B1FC3008F55F0 /* SwiftTemplateSPMProjectTests.swift */,
				41A91B3E253B1FC3008F55F0 /* Info.plist */,
			);
			path = SwiftTemplateSPMProjectTests;
			sourceTree = "<group>";
		};
		41A91B46253B1FC3008F55F0 /* SwiftTemplateSPMProjectUITests */ = {
			isa = PBXGroup;
			children = (
				41A91B47253B1FC3008F55F0 /* SwiftTemplateSPMProjectUITests.swift */,
				41A91B49253B1FC3008F55F0 /* Info.plist */,
			);
			path = SwiftTemplateSPMProjectUITests;
			sourceTree = "<group>";
		};
/* End PBXGroup section */

/* Begin PBXNativeTarget section */
		41A91B21253B1FC1008F55F0 /* SwiftTemplateSPMProject */ = {
			isa = PBXNativeTarget;
			buildConfigurationList = 41A91B4C253B1FC3008F55F0 /* Build configuration list for PBXNativeTarget "SwiftTemplateSPMProject" */;
			buildPhases = (
				41A91B1E253B1FC1008F55F0 /* Sources */,
				41A91B1F253B1FC1008F55F0 /* Frameworks */,
				41A91B20253B1FC1008F55F0 /* Resources */,
			);
			buildRules = (
			);
			dependencies = (
			);
			name = SwiftTemplateSPMProject;
			productName = SwiftTemplateSPMProject;
			productReference = 41A91B22253B1FC1008F55F0 /* SwiftTemplateSPMProject.app */;
			productType = "com.apple.product-type.application";
		};
		41A91B37253B1FC3008F55F0 /* SwiftTemplateSPMProjectTests */ = {
			isa = PBXNativeTarget;
			buildConfigurationList = 41A91B4F253B1FC3008F55F0 /* Build configuration list for PBXNativeTarget "SwiftTemplateSPMProjectTests" */;
			buildPhases = (
				41A91B34253B1FC3008F55F0 /* Sources */,
				41A91B35253B1FC3008F55F0 /* Frameworks */,
				41A91B36253B1FC3008F55F0 /* Resources */,
			);
			buildRules = (
			);
			dependencies = (
				41A91B3A253B1FC3008F55F0 /* PBXTargetDependency */,
			);
			name = SwiftTemplateSPMProjectTests;
			productName = SwiftTemplateSPMProjectTests;
			productReference = 41A91B38253B1FC3008F55F0 /* SwiftTemplateSPMProjectTests.xctest */;
			productType = "com.apple.product-type.bundle.unit-test";
		};
		41A91B42253B1FC3008F55F0 /* SwiftTemplateSPMProjectUITests */ = {
			isa = PBXNativeTarget;
			buildConfigurationList = 41A91B52253B1FC3008F55F0 /* Build configuration list for PBXNativeTarget "SwiftTemplateSPMProjectUITests" */;
			buildPhases = (
				41A91B3F253B1FC3008F55F0 /* Sources */,
				41A91B40253B1FC3008F55F0 /* Frameworks */,
				41A91B41253B1FC3008F55F0 /* Resources */,
			);
			buildRules = (
			);
			dependencies = (
				41A91B45253B1FC3008F55F0 /* PBXTargetDependency */,
			);
			name = SwiftTemplateSPMProjectUITests;
			productName = SwiftTemplateSPMProjectUITests;
			productReference = 41A91B43253B1FC3008F55F0 /* SwiftTemplateSPMProjectUITests.xctest */;
			productType = "com.apple.product-type.bundle.ui-testing";
		};
/* End PBXNativeTarget section */

/* Begin PBXProject section */
		41A91B1A253B1FC1008F55F0 /* Project object */ = {
			isa = PBXProject;
			attributes = {
				LastSwiftUpdateCheck = 1200;
				LastUpgradeCheck = 1200;
				TargetAttributes = {
					41A91B21253B1FC1008F55F0 = {
						CreatedOnToolsVersion = 12.0.1;
					};
					41A91B37253B1FC3008F55F0 = {
						CreatedOnToolsVersion = 12.0.1;
						TestTargetID = 41A91B21253B1FC1008F55F0;
					};
					41A91B42253B1FC3008F55F0 = {
						CreatedOnToolsVersion = 12.0.1;
						TestTargetID = 41A91B21253B1FC1008F55F0;
					};
				};
			};
			buildConfigurationList = 41A91B1D253B1FC1008F55F0 /* Build configuration list for PBXProject "SwiftTemplateSPMProject" */;
			compatibilityVersion = "Xcode 9.3";
			developmentRegion = en;
			hasScannedForEncodings = 0;
			knownRegions = (
				en,
				Base,
			);
			mainGroup = 41A91B19253B1FC1008F55F0;
			productRefGroup = 41A91B23253B1FC1008F55F0 /* Products */;
			projectDirPath = "";
			projectRoot = "";
			targets = (
				41A91B21253B1FC1008F55F0 /* SwiftTemplateSPMProject */,
				41A91B37253B1FC3008F55F0 /* SwiftTemplateSPMProjectTests */,
				41A91B42253B1FC3008F55F0 /* SwiftTemplateSPMProjectUITests */,
			);
		};
/* End PBXProject section */

/* Begin PBXResourcesBuildPhase section */
		41A91B20253B1FC1008F55F0 /* Resources */ = {
			isa = PBXResourcesBuildPhase;
			buildActionMask = 2147483647;
			files = (
				41A91B32253B1FC2008F55F0 /* LaunchScreen.storyboard in Resources */,
				41A91B2F253B1FC2008F55F0 /* Assets.xcassets in Resources */,
				41A91B2D253B1FC1008F55F0 /* Main.storyboard in Resources */,
			);
			runOnlyForDeploymentPostprocessing = 0;
		};
		41A91B36253B1FC3008F55F0 /* Resources */ = {
			isa = PBXResourcesBuildPhase;
			buildActionMask = 2147483647;
			files = (
			);
			runOnlyForDeploymentPostprocessing = 0;
		};
		41A91B41253B1FC3008F55F0 /* Resources */ = {
			isa = PBXResourcesBuildPhase;
			buildActionMask = 2147483647;
			files = (
			);
			runOnlyForDeploymentPostprocessing = 0;
		};
/* End PBXResourcesBuildPhase section */

/* Begin PBXSourcesBuildPhase section */
		41A91B1E253B1FC1008F55F0 /* Sources */ = {
			isa = PBXSourcesBuildPhase;
			buildActionMask = 2147483647;
			files = (
				41A91B2A253B1FC1008F55F0 /* ViewController.swift in Sources */,
				41A91B26253B1FC1008F55F0 /* AppDelegate.swift in Sources */,
				41A91B28253B1FC1008F55F0 /* SceneDelegate.swift in Sources */,
			);
			runOnlyForDeploymentPostprocessing = 0;
		};
		41A91B34253B1FC3008F55F0 /* Sources */ = {
			isa = PBXSourcesBuildPhase;
			buildActionMask = 2147483647;
			files = (
				41A91B3D253B1FC3008F55F0 /* SwiftTemplateSPMProjectTests.swift in Sources */,
			);
			runOnlyForDeploymentPostprocessing = 0;
		};
		41A91B3F253B1FC3008F55F0 /* Sources */ = {
			isa = PBXSourcesBuildPhase;
			buildActionMask = 2147483647;
			files = (
				41A91B48253B1FC3008F55F0 /* SwiftTemplateSPMProjectUITests.swift in Sources */,
			);
			runOnlyForDeploymentPostprocessing = 0;
		};
/* End PBXSourcesBuildPhase section */

/* Begin PBXTargetDependency section */
		41A91B3A253B1FC3008F55F0 /* PBXTargetDependency */ = {
			isa = PBXTargetDependency;
			target = 41A91B21253B1FC1008F55F0 /* SwiftTemplateSPMProject */;
			targetProxy = 41A91B39253B1FC3008F55F0 /* PBXContainerItemProxy */;
		};
		41A91B45253B1FC3008F55F0 /* PBXTargetDependency */ = {
			isa = PBXTargetDependency;
			target = 41A91B21253B1FC1008F55F0 /* SwiftTemplateSPMProject */;
			targetProxy = 41A91B44253B1FC3008F55F0 /* PBXContainerItemProxy */;
		};
/* End PBXTargetDependency section */

/* Begin PBXVariantGroup section */
		41A91B2B253B1FC1008F55F0 /* Main.storyboard */ = {
			isa = PBXVariantGroup;
			children = (
				41A91B2C253B1FC1008F55F0 /* Base */,
			);
			name = Main.storyboard;
			sourceTree = "<group>";
		};
		41A91B30253B1FC2008F55F0 /* LaunchScreen.storyboard */ = {
			isa = PBXVariantGroup;
			children = (
				41A91B31253B1FC2008F55F0 /* Base */,
			);
			name = LaunchScreen.storyboard;
			sourceTree = "<group>";
		};
/* End PBXVariantGroup section */

/* Begin XCBuildConfiguration section */
		41A91B4A253B1FC3008F55F0 /* Debug */ = {
			isa = XCBuildConfiguration;
			buildSettings = {
				ALWAYS_SEARCH_USER_PATHS = NO;
				CLANG_ANALYZER_NONNULL = YES;
				CLANG_ANALYZER_NUMBER_OBJECT_CONVERSION = YES_AGGRESSIVE;
				CLANG_CXX_LANGUAGE_STANDARD = "gnu++14";
				CLANG_CXX_LIBRARY = "libc++";
				CLANG_ENABLE_MODULES = YES;
				CLANG_ENABLE_OBJC_ARC = YES;
				CLANG_ENABLE_OBJC_WEAK = YES;
				CLANG_WARN_BLOCK_CAPTURE_AUTORELEASING = YES;
				CLANG_WARN_BOOL_CONVERSION = YES;
				CLANG_WARN_COMMA = YES;
				CLANG_WARN_CONSTANT_CONVERSION = YES;
				CLANG_WARN_DEPRECATED_OBJC_IMPLEMENTATIONS = YES;
				CLANG_WARN_DIRECT_OBJC_ISA_USAGE = YES_ERROR;
				CLANG_WARN_DOCUMENTATION_COMMENTS = YES;
				CLANG_WARN_EMPTY_BODY = YES;
				CLANG_WARN_ENUM_CONVERSION = YES;
				CLANG_WARN_INFINITE_RECURSION = YES;
				CLANG_WARN_INT_CONVERSION = YES;
				CLANG_WARN_NON_LITERAL_NULL_CONVERSION = YES;
				CLANG_WARN_OBJC_IMPLICIT_RETAIN_SELF = YES;
				CLANG_WARN_OBJC_LITERAL_CONVERSION = YES;
				CLANG_WARN_OBJC_ROOT_CLASS = YES_ERROR;
				CLANG_WARN_QUOTED_INCLUDE_IN_FRAMEWORK_HEADER = YES;
				CLANG_WARN_RANGE_LOOP_ANALYSIS = YES;
				CLANG_WARN_STRICT_PROTOTYPES = YES;
				CLANG_WARN_SUSPICIOUS_MOVE = YES;
				CLANG_WARN_UNGUARDED_AVAILABILITY = YES_AGGRESSIVE;
				CLANG_WARN_UNREACHABLE_CODE = YES;
				CLANG_WARN__DUPLICATE_METHOD_MATCH = YES;
				COPY_PHASE_STRIP = NO;
				DEBUG_INFORMATION_FORMAT = dwarf;
				ENABLE_STRICT_OBJC_MSGSEND = YES;
				ENABLE_TESTABILITY = YES;
				GCC_C_LANGUAGE_STANDARD = gnu11;
				GCC_DYNAMIC_NO_PIC = NO;
				GCC_NO_COMMON_BLOCKS = YES;
				GCC_OPTIMIZATION_LEVEL = 0;
				GCC_PREPROCESSOR_DEFINITIONS = (
					"DEBUG=1",
					"$(inherited)",
				);
				GCC_WARN_64_TO_32_BIT_CONVERSION = YES;
				GCC_WARN_ABOUT_RETURN_TYPE = YES_ERROR;
				GCC_WARN_UNDECLARED_SELECTOR = YES;
				GCC_WARN_UNINITIALIZED_AUTOS = YES_AGGRESSIVE;
				GCC_WARN_UNUSED_FUNCTION = YES;
				GCC_WARN_UNUSED_VARIABLE = YES;
				IPHONEOS_DEPLOYMENT_TARGET = 14.0;
				MTL_ENABLE_DEBUG_INFO = INCLUDE_SOURCE;
				MTL_FAST_MATH = YES;
				ONLY_ACTIVE_ARCH = YES;
				SDKROOT = iphoneos;
				SWIFT_ACTIVE_COMPILATION_CONDITIONS = DEBUG;
				SWIFT_OPTIMIZATION_LEVEL = "-Onone";
			};
			name = Debug;
		};
		41A91B4B253B1FC3008F55F0 /* Release */ = {
			isa = XCBuildConfiguration;
			buildSettings = {
				ALWAYS_SEARCH_USER_PATHS = NO;
				CLANG_ANALYZER_NONNULL = YES;
				CLANG_ANALYZER_NUMBER_OBJECT_CONVERSION = YES_AGGRESSIVE;
				CLANG_CXX_LANGUAGE_STANDARD = "gnu++14";
				CLANG_CXX_LIBRARY = "libc++";
				CLANG_ENABLE_MODULES = YES;
				CLANG_ENABLE_OBJC_ARC = YES;
				CLANG_ENABLE_OBJC_WEAK = YES;
				CLANG_WARN_BLOCK_CAPTURE_AUTORELEASING = YES;
				CLANG_WARN_BOOL_CONVERSION = YES;
				CLANG_WARN_COMMA = YES;
				CLANG_WARN_CONSTANT_CONVERSION = YES;
				CLANG_WARN_DEPRECATED_OBJC_IMPLEMENTATIONS = YES;
				CLANG_WARN_DIRECT_OBJC_ISA_USAGE = YES_ERROR;
				CLANG_WARN_DOCUMENTATION_COMMENTS = YES;
				CLANG_WARN_EMPTY_BODY = YES;
				CLANG_WARN_ENUM_CONVERSION = YES;
				CLANG_WARN_INFINITE_RECURSION = YES;
				CLANG_WARN_INT_CONVERSION = YES;
				CLANG_WARN_NON_LITERAL_NULL_CONVERSION = YES;
				CLANG_WARN_OBJC_IMPLICIT_RETAIN_SELF = YES;
				CLANG_WARN_OBJC_LITERAL_CONVERSION = YES;
				CLANG_WARN_OBJC_ROOT_CLASS = YES_ERROR;
				CLANG_WARN_QUOTED_INCLUDE_IN_FRAMEWORK_HEADER = YES;
				CLANG_WARN_RANGE_LOOP_ANALYSIS = YES;
				CLANG_WARN_STRICT_PROTOTYPES = YES;
				CLANG_WARN_SUSPICIOUS_MOVE = YES;
				CLANG_WARN_UNGUARDED_AVAILABILITY = YES_AGGRESSIVE;
				CLANG_WARN_UNREACHABLE_CODE = YES;
				CLANG_WARN__DUPLICATE_METHOD_MATCH = YES;
				COPY_PHASE_STRIP = NO;
				DEBUG_INFORMATION_FORMAT = "dwarf-with-dsym";
				ENABLE_NS_ASSERTIONS = NO;
				ENABLE_STRICT_OBJC_MSGSEND = YES;
				GCC_C_LANGUAGE_STANDARD = gnu11;
				GCC_NO_COMMON_BLOCKS = YES;
				GCC_WARN_64_TO_32_BIT_CONVERSION = YES;
				GCC_WARN_ABOUT_RETURN_TYPE = YES_ERROR;
				GCC_WARN_UNDECLARED_SELECTOR = YES;
				GCC_WARN_UNINITIALIZED_AUTOS = YES_AGGRESSIVE;
				GCC_WARN_UNUSED_FUNCTION = YES;
				GCC_WARN_UNUSED_VARIABLE = YES;
				IPHONEOS_DEPLOYMENT_TARGET = 14.0;
				MTL_ENABLE_DEBUG_INFO = NO;
				MTL_FAST_MATH = YES;
				SDKROOT = iphoneos;
				SWIFT_COMPILATION_MODE = wholemodule;
				SWIFT_OPTIMIZATION_LEVEL = "-O";
				VALIDATE_PRODUCT = YES;
			};
			name = Release;
		};
		41A91B4D253B1FC3008F55F0 /* Debug */ = {
			isa = XCBuildConfiguration;
			buildSettings = {
				ASSETCATALOG_COMPILER_APPICON_NAME = AppIcon;
				ASSETCATALOG_COMPILER_GLOBAL_ACCENT_COLOR_NAME = AccentColor;
				CODE_SIGN_STYLE = Automatic;
				DEVELOPMENT_TEAM = AGGNX9596Z;
				INFOPLIST_FILE = SwiftTemplateSPMProject/Info.plist;
				LD_RUNPATH_SEARCH_PATHS = (
					"$(inherited)",
					"@executable_path/Frameworks",
				);
				PRODUCT_BUNDLE_IDENTIFIER = com.SexyQueenTeam.SwiftTemplateSPMProject;
				PRODUCT_NAME = "$(TARGET_NAME)";
				SWIFT_VERSION = 5.0;
				TARGETED_DEVICE_FAMILY = "1,2";
			};
			name = Debug;
		};
		41A91B4E253B1FC3008F55F0 /* Release */ = {
			isa = XCBuildConfiguration;
			buildSettings = {
				ASSETCATALOG_COMPILER_APPICON_NAME = AppIcon;
				ASSETCATALOG_COMPILER_GLOBAL_ACCENT_COLOR_NAME = AccentColor;
				CODE_SIGN_STYLE = Automatic;
				DEVELOPMENT_TEAM = AGGNX9596Z;
				INFOPLIST_FILE = SwiftTemplateSPMProject/Info.plist;
				LD_RUNPATH_SEARCH_PATHS = (
					"$(inherited)",
					"@executable_path/Frameworks",
				);
				PRODUCT_BUNDLE_IDENTIFIER = com.SexyQueenTeam.SwiftTemplateSPMProject;
				PRODUCT_NAME = "$(TARGET_NAME)";
				SWIFT_VERSION = 5.0;
				TARGETED_DEVICE_FAMILY = "1,2";
			};
			name = Release;
		};
		41A91B50253B1FC3008F55F0 /* Debug */ = {
			isa = XCBuildConfiguration;
			buildSettings = {
				ALWAYS_EMBED_SWIFT_STANDARD_LIBRARIES = YES;
				BUNDLE_LOADER = "$(TEST_HOST)";
				CODE_SIGN_STYLE = Automatic;
				DEVELOPMENT_TEAM = AGGNX9596Z;
				INFOPLIST_FILE = SwiftTemplateSPMProjectTests/Info.plist;
				IPHONEOS_DEPLOYMENT_TARGET = 14.0;
				LD_RUNPATH_SEARCH_PATHS = (
					"$(inherited)",
					"@executable_path/Frameworks",
					"@loader_path/Frameworks",
				);
				PRODUCT_BUNDLE_IDENTIFIER = com.SexyQueenTeam.SwiftTemplateSPMProjectTests;
				PRODUCT_NAME = "$(TARGET_NAME)";
				SWIFT_VERSION = 5.0;
				TARGETED_DEVICE_FAMILY = "1,2";
				TEST_HOST = "$(BUILT_PRODUCTS_DIR)/SwiftTemplateSPMProject.app/SwiftTemplateSPMProject";
			};
			name = Debug;
		};
		41A91B51253B1FC3008F55F0 /* Release */ = {
			isa = XCBuildConfiguration;
			buildSettings = {
				ALWAYS_EMBED_SWIFT_STANDARD_LIBRARIES = YES;
				BUNDLE_LOADER = "$(TEST_HOST)";
				CODE_SIGN_STYLE = Automatic;
				DEVELOPMENT_TEAM = AGGNX9596Z;
				INFOPLIST_FILE = SwiftTemplateSPMProjectTests/Info.plist;
				IPHONEOS_DEPLOYMENT_TARGET = 14.0;
				LD_RUNPATH_SEARCH_PATHS = (
					"$(inherited)",
					"@executable_path/Frameworks",
					"@loader_path/Frameworks",
				);
				PRODUCT_BUNDLE_IDENTIFIER = com.SexyQueenTeam.SwiftTemplateSPMProjectTests;
				PRODUCT_NAME = "$(TARGET_NAME)";
				SWIFT_VERSION = 5.0;
				TARGETED_DEVICE_FAMILY = "1,2";
				TEST_HOST = "$(BUILT_PRODUCTS_DIR)/SwiftTemplateSPMProject.app/SwiftTemplateSPMProject";
			};
			name = Release;
		};
		41A91B53253B1FC3008F55F0 /* Debug */ = {
			isa = XCBuildConfiguration;
			buildSettings = {
				ALWAYS_EMBED_SWIFT_STANDARD_LIBRARIES = YES;
				CODE_SIGN_STYLE = Automatic;
				DEVELOPMENT_TEAM = AGGNX9596Z;
				INFOPLIST_FILE = SwiftTemplateSPMProjectUITests/Info.plist;
				LD_RUNPATH_SEARCH_PATHS = (
					"$(inherited)",
					"@executable_path/Frameworks",
					"@loader_path/Frameworks",
				);
				PRODUCT_BUNDLE_IDENTIFIER = com.SexyQueenTeam.SwiftTemplateSPMProjectUITests;
				PRODUCT_NAME = "$(TARGET_NAME)";
				SWIFT_VERSION = 5.0;
				TARGETED_DEVICE_FAMILY = "1,2";
				TEST_TARGET_NAME = SwiftTemplateSPMProject;
			};
			name = Debug;
		};
		41A91B54253B1FC3008F55F0 /* Release */ = {
			isa = XCBuildConfiguration;
			buildSettings = {
				ALWAYS_EMBED_SWIFT_STANDARD_LIBRARIES = YES;
				CODE_SIGN_STYLE = Automatic;
				DEVELOPMENT_TEAM = AGGNX9596Z;
				INFOPLIST_FILE = SwiftTemplateSPMProjectUITests/Info.plist;
				LD_RUNPATH_SEARCH_PATHS = (
					"$(inherited)",
					"@executable_path/Frameworks",
					"@loader_path/Frameworks",
				);
				PRODUCT_BUNDLE_IDENTIFIER = com.SexyQueenTeam.SwiftTemplateSPMProjectUITests;
				PRODUCT_NAME = "$(TARGET_NAME)";
				SWIFT_VERSION = 5.0;
				TARGETED_DEVICE_FAMILY = "1,2";
				TEST_TARGET_NAME = SwiftTemplateSPMProject;
			};
			name = Release;
		};
/* End XCBuildConfiguration section */

/* Begin XCConfigurationList section */
		41A91B1D253B1FC1008F55F0 /* Build configuration list for PBXProject "SwiftTemplateSPMProject" */ = {
			isa = XCConfigurationList;
			buildConfigurations = (
				41A91B4A253B1FC3008F55F0 /* Debug */,
				41A91B4B253B1FC3008F55F0 /* Release */,
			);
			defaultConfigurationIsVisible = 0;
			defaultConfigurationName = Release;
		};
		41A91B4C253B1FC3008F55F0 /* Build configuration list for PBXNativeTarget "SwiftTemplateSPMProject" */ = {
			isa = XCConfigurationList;
			buildConfigurations = (
				41A91B4D253B1FC3008F55F0 /* Debug */,
				41A91B4E253B1FC3008F55F0 /* Release */,
			);
			defaultConfigurationIsVisible = 0;
			defaultConfigurationName = Release;
		};
		41A91B4F253B1FC3008F55F0 /* Build configuration list for PBXNativeTarget "SwiftTemplateSPMProjectTests" */ = {
			isa = XCConfigurationList;
			buildConfigurations = (
				41A91B50253B1FC3008F55F0 /* Debug */,
				41A91B51253B1FC3008F55F0 /* Release */,
			);
			defaultConfigurationIsVisible = 0;
			defaultConfigurationName = Release;
		};
		41A91B52253B1FC3008F55F0 /* Build configuration list for PBXNativeTarget "SwiftTemplateSPMProjectUITests" */ = {
			isa = XCConfigurationList;
			buildConfigurations = (
				41A91B53253B1FC3008F55F0 /* Debug */,
				41A91B54253B1FC3008F55F0 /* Release */,
			);
			defaultConfigurationIsVisible = 0;
			defaultConfigurationName = Release;
		};
/* End XCConfigurationList section */
	};
	rootObject = 41A91B1A253B1FC1008F55F0 /* Project object */;
}
